
Microsoft Visual Studio Solution File, Format Version 12.00
# Visual Studio Version 16
VisualStudioVersion = 16.0.30523.141
MinimumVisualStudioVersion = 10.0.40219.1
Project("{FAE04EC0-301F-11D3-BF4B-00C04F79EFBC}") = "ApplicationTest", "ApplicationTest\ApplicationTest.csproj", "{58A66545-62CA-4771-AA77-3C91FC877999}"
EndProject
Global
	GlobalSection(SolutionConfigurationPlatforms) = preSolution
		Debug|Any CPU = Debug|Any CPU
		Release|Any CPU = Release|Any CPU
	EndGlobalSection
	GlobalSection(ProjectConfigurationPlatforms) = postSolution
		{58A66545-62CA-4771-AA77-3C91FC877999}.Debug|Any CPU.ActiveCfg = Debug|Any CPU
		{58A66545-62CA-4771-AA77-3C91FC877999}.Debug|Any CPU.Build.0 = Debug|Any CPU
		{58A66545-62CA-4771-AA77-3C91FC877999}.Release|Any CPU.ActiveCfg = Release|Any CPU
		{58A66545-62CA-4771-AA77-3C91FC877999}.Release|Any CPU.Build.0 = Release|Any CPU
	EndGlobalSection
	GlobalSection(SolutionProperties) = preSolution
		HideSolutionNode = FALSE
	EndGlobalSection
	GlobalSection(ExtensibilityGlobals) = postSolution
		SolutionGuid = {407BD2AD-3F70-4726-B2B3-992B837E2C48}
	EndGlobalSection
EndGlobal
